
Microsoft Visual Studio Solution File, Format Version 12.00
# Visual Studio Version 17
VisualStudioVersion = 17.10.35013.160
MinimumVisualStudioVersion = 10.0.40219.1
Project("{FAE04EC0-301F-11D3-BF4B-00C04F79EFBC}") = "AssetManagement", "AssetManagement\AssetManagement.csproj", "{DCC0771C-6A8B-4F8A-BE3D-72515848D770}"
EndProject
Global
	GlobalSection(SolutionConfigurationPlatforms) = preSolution
		Debug|Any CPU = Debug|Any CPU
		Release|Any CPU = Release|Any CPU
	EndGlobalSection
	GlobalSection(ProjectConfigurationPlatforms) = postSolution
		{DCC0771C-6A8B-4F8A-BE3D-72515848D770}.Debug|Any CPU.ActiveCfg = Debug|Any CPU
		{DCC0771C-6A8B-4F8A-BE3D-72515848D770}.Debug|Any CPU.Build.0 = Debug|Any CPU
		{DCC0771C-6A8B-4F8A-BE3D-72515848D770}.Release|Any CPU.ActiveCfg = Release|Any CPU
		{DCC0771C-6A8B-4F8A-BE3D-72515848D770}.Release|Any CPU.Build.0 = Release|Any CPU
	EndGlobalSection
	GlobalSection(SolutionProperties) = preSolution
		HideSolutionNode = FALSE
	EndGlobalSection
	GlobalSection(ExtensibilityGlobals) = postSolution
		SolutionGuid = {DF1C5984-DBB2-4C43-8624-B8947CC99604}
	EndGlobalSection
EndGlobal
